
Microsoft Visual Studio Solution File, Format Version 12.00
# Visual Studio Version 16
VisualStudioVersion = 16.0.30717.126
MinimumVisualStudioVersion = 10.0.40219.1
Project("{9A19103F-16F7-4668-BE54-9A1E7A4F7556}") = "UserAPI.Infrastructure", "UserAPI.Infrastructure\UserAPI.Infrastructure.csproj", "{618751BF-8A1A-4252-8740-D80FF2430365}"
EndProject
Project("{FAE04EC0-301F-11D3-BF4B-00C04F79EFBC}") = "UserAPI.Core", "UserAPI.Core\UserAPI.Core.csproj", "{92483575-D62C-4132-8A6D-2CDDFFBA215D}"
EndProject
Project("{FAE04EC0-301F-11D3-BF4B-00C04F79EFBC}") = "UserAPI", "UserAPI\UserAPI.csproj", "{EB22D980-6810-424F-93DF-985712F07ED9}"
EndProject
Global
	GlobalSection(SolutionConfigurationPlatforms) = preSolution
		Debug|Any CPU = Debug|Any CPU
		Release|Any CPU = Release|Any CPU
	EndGlobalSection
	GlobalSection(ProjectConfigurationPlatforms) = postSolution
		{618751BF-8A1A-4252-8740-D80FF2430365}.Debug|Any CPU.ActiveCfg = Debug|Any CPU
		{618751BF-8A1A-4252-8740-D80FF2430365}.Debug|Any CPU.Build.0 = Debug|Any CPU
		{618751BF-8A1A-4252-8740-D80FF2430365}.Release|Any CPU.ActiveCfg = Release|Any CPU
		{618751BF-8A1A-4252-8740-D80FF2430365}.Release|Any CPU.Build.0 = Release|Any CPU
		{92483575-D62C-4132-8A6D-2CDDFFBA215D}.Debug|Any CPU.ActiveCfg = Debug|Any CPU
		{92483575-D62C-4132-8A6D-2CDDFFBA215D}.Debug|Any CPU.Build.0 = Debug|Any CPU
		{92483575-D62C-4132-8A6D-2CDDFFBA215D}.Release|Any CPU.ActiveCfg = Release|Any CPU
		{92483575-D62C-4132-8A6D-2CDDFFBA215D}.Release|Any CPU.Build.0 = Release|Any CPU
		{EB22D980-6810-424F-93DF-985712F07ED9}.Debug|Any CPU.ActiveCfg = Debug|Any CPU
		{EB22D980-6810-424F-93DF-985712F07ED9}.Debug|Any CPU.Build.0 = Debug|Any CPU
		{EB22D980-6810-424F-93DF-985712F07ED9}.Release|Any CPU.ActiveCfg = Release|Any CPU
		{EB22D980-6810-424F-93DF-985712F07ED9}.Release|Any CPU.Build.0 = Release|Any CPU
	EndGlobalSection
	GlobalSection(SolutionProperties) = preSolution
		HideSolutionNode = FALSE
	EndGlobalSection
	GlobalSection(ExtensibilityGlobals) = postSolution
		SolutionGuid = {C8647FAB-A9BF-4592-A051-78A6F84DE2D8}
	EndGlobalSection
EndGlobal
